
Microsoft Visual Studio Solution File, Format Version 12.00
# Visual Studio Version 17
VisualStudioVersion = 17.4.33213.308
MinimumVisualStudioVersion = 10.0.40219.1
Project("{9A19103F-16F7-4668-BE54-9A1E7A4F7556}") = "NPLMachineLearning", "NPLMachineLearning\NPLMachineLearning.csproj", "{A1F498B2-ED25-4A60-BE6E-092BD5791597}"
EndProject
Project("{FAE04EC0-301F-11D3-BF4B-00C04F79EFBC}") = "AutoML", "AutoML\AutoML.csproj", "{2F387195-9725-46CD-A80B-F799FD0DFD4A}"
EndProject
Project("{FAE04EC0-301F-11D3-BF4B-00C04F79EFBC}") = "AutoNPL", "AutoNPL\AutoNPL.csproj", "{9A7519E5-F3F5-42D1-8B63-C52CE6BAB2BE}"
EndProject
Global
	GlobalSection(SolutionConfigurationPlatforms) = preSolution
		Debug|Any CPU = Debug|Any CPU
		Release|Any CPU = Release|Any CPU
	EndGlobalSection
	GlobalSection(ProjectConfigurationPlatforms) = postSolution
		{A1F498B2-ED25-4A60-BE6E-092BD5791597}.Debug|Any CPU.ActiveCfg = Debug|Any CPU
		{A1F498B2-ED25-4A60-BE6E-092BD5791597}.Debug|Any CPU.Build.0 = Debug|Any CPU
		{A1F498B2-ED25-4A60-BE6E-092BD5791597}.Release|Any CPU.ActiveCfg = Release|Any CPU
		{A1F498B2-ED25-4A60-BE6E-092BD5791597}.Release|Any CPU.Build.0 = Release|Any CPU
		{2F387195-9725-46CD-A80B-F799FD0DFD4A}.Debug|Any CPU.ActiveCfg = Debug|Any CPU
		{2F387195-9725-46CD-A80B-F799FD0DFD4A}.Debug|Any CPU.Build.0 = Debug|Any CPU
		{2F387195-9725-46CD-A80B-F799FD0DFD4A}.Release|Any CPU.ActiveCfg = Release|Any CPU
		{2F387195-9725-46CD-A80B-F799FD0DFD4A}.Release|Any CPU.Build.0 = Release|Any CPU
		{9A7519E5-F3F5-42D1-8B63-C52CE6BAB2BE}.Debug|Any CPU.ActiveCfg = Debug|Any CPU
		{9A7519E5-F3F5-42D1-8B63-C52CE6BAB2BE}.Debug|Any CPU.Build.0 = Debug|Any CPU
		{9A7519E5-F3F5-42D1-8B63-C52CE6BAB2BE}.Release|Any CPU.ActiveCfg = Release|Any CPU
		{9A7519E5-F3F5-42D1-8B63-C52CE6BAB2BE}.Release|Any CPU.Build.0 = Release|Any CPU
	EndGlobalSection
	GlobalSection(SolutionProperties) = preSolution
		HideSolutionNode = FALSE
	EndGlobalSection
	GlobalSection(ExtensibilityGlobals) = postSolution
		SolutionGuid = {3FC1BA32-2017-4FAD-854F-579C2F541981}
	EndGlobalSection
EndGlobal
