
Microsoft Visual Studio Solution File, Format Version 12.00
# Visual Studio Version 17
VisualStudioVersion = 17.4.33213.308
MinimumVisualStudioVersion = 10.0.40219.1
Project("{9A19103F-16F7-4668-BE54-9A1E7A4F7556}") = "NPLMachineLearning", "NPLMachineLearning\NPLMachineLearning.csproj", "{A1F498B2-ED25-4A60-BE6E-092BD5791597}"
EndProject
Project("{9A19103F-16F7-4668-BE54-9A1E7A4F7556}") = "AutoML", "AutoML\AutoML.csproj", "{2F387195-9725-46CD-A80B-F799FD0DFD4A}"
EndProject
Project("{9A19103F-16F7-4668-BE54-9A1E7A4F7556}") = "AutoNPL", "AutoNPL\AutoNPL.csproj", "{9A7519E5-F3F5-42D1-8B63-C52CE6BAB2BE}"
EndProject
Project("{9A19103F-16F7-4668-BE54-9A1E7A4F7556}") = "LanguageIntension", "LanguageIntension\LanguageIntension.csproj", "{2FA098AD-3A38-40F8-B83F-BC2AA16DE0A6}"
EndProject
Project("{9A19103F-16F7-4668-BE54-9A1E7A4F7556}") = "GithubIssueClassification", "GithubIssueClassification\GithubIssueClassification.csproj", "{5EA4318B-C983-4B24-969B-E3A921A40811}"
EndProject
Project("{9A19103F-16F7-4668-BE54-9A1E7A4F7556}") = "MLModel1_ConsoleApp1", "MLModel1_ConsoleApp1\MLModel1_ConsoleApp1.csproj", "{48F25E33-6B6A-4E37-ABD8-E0182394483F}"
EndProject
Project("{9A19103F-16F7-4668-BE54-9A1E7A4F7556}") = "NPLTraining", "NPLTraining\NPLTraining.csproj", "{18FC75AD-3F1A-4947-B8F4-17CB000EE9C3}"
EndProject
Project("{9A19103F-16F7-4668-BE54-9A1E7A4F7556}") = "AutoCreatedNPL", "AutoCreatedNPL\AutoCreatedNPL.csproj", "{74D3323D-7C9D-4033-94B3-A92323BEEE3C}"
EndProject
Project("{FAE04EC0-301F-11D3-BF4B-00C04F79EFBC}") = "SampleML", "SampleML\SampleML.csproj", "{5D33FB1B-0294-4637-8B1E-6EFE88209246}"
EndProject
Global
	GlobalSection(SolutionConfigurationPlatforms) = preSolution
		Debug|Any CPU = Debug|Any CPU
		Release|Any CPU = Release|Any CPU
	EndGlobalSection
	GlobalSection(ProjectConfigurationPlatforms) = postSolution
		{A1F498B2-ED25-4A60-BE6E-092BD5791597}.Debug|Any CPU.ActiveCfg = Debug|Any CPU
		{A1F498B2-ED25-4A60-BE6E-092BD5791597}.Debug|Any CPU.Build.0 = Debug|Any CPU
		{A1F498B2-ED25-4A60-BE6E-092BD5791597}.Release|Any CPU.ActiveCfg = Release|Any CPU
		{A1F498B2-ED25-4A60-BE6E-092BD5791597}.Release|Any CPU.Build.0 = Release|Any CPU
		{2F387195-9725-46CD-A80B-F799FD0DFD4A}.Debug|Any CPU.ActiveCfg = Debug|Any CPU
		{2F387195-9725-46CD-A80B-F799FD0DFD4A}.Debug|Any CPU.Build.0 = Debug|Any CPU
		{2F387195-9725-46CD-A80B-F799FD0DFD4A}.Release|Any CPU.ActiveCfg = Release|Any CPU
		{2F387195-9725-46CD-A80B-F799FD0DFD4A}.Release|Any CPU.Build.0 = Release|Any CPU
		{9A7519E5-F3F5-42D1-8B63-C52CE6BAB2BE}.Debug|Any CPU.ActiveCfg = Debug|Any CPU
		{9A7519E5-F3F5-42D1-8B63-C52CE6BAB2BE}.Debug|Any CPU.Build.0 = Debug|Any CPU
		{9A7519E5-F3F5-42D1-8B63-C52CE6BAB2BE}.Release|Any CPU.ActiveCfg = Release|Any CPU
		{9A7519E5-F3F5-42D1-8B63-C52CE6BAB2BE}.Release|Any CPU.Build.0 = Release|Any CPU
		{2FA098AD-3A38-40F8-B83F-BC2AA16DE0A6}.Debug|Any CPU.ActiveCfg = Debug|Any CPU
		{2FA098AD-3A38-40F8-B83F-BC2AA16DE0A6}.Debug|Any CPU.Build.0 = Debug|Any CPU
		{2FA098AD-3A38-40F8-B83F-BC2AA16DE0A6}.Release|Any CPU.ActiveCfg = Release|Any CPU
		{2FA098AD-3A38-40F8-B83F-BC2AA16DE0A6}.Release|Any CPU.Build.0 = Release|Any CPU
		{5EA4318B-C983-4B24-969B-E3A921A40811}.Debug|Any CPU.ActiveCfg = Debug|Any CPU
		{5EA4318B-C983-4B24-969B-E3A921A40811}.Debug|Any CPU.Build.0 = Debug|Any CPU
		{5EA4318B-C983-4B24-969B-E3A921A40811}.Release|Any CPU.ActiveCfg = Release|Any CPU
		{5EA4318B-C983-4B24-969B-E3A921A40811}.Release|Any CPU.Build.0 = Release|Any CPU
		{48F25E33-6B6A-4E37-ABD8-E0182394483F}.Debug|Any CPU.ActiveCfg = Debug|Any CPU
		{48F25E33-6B6A-4E37-ABD8-E0182394483F}.Debug|Any CPU.Build.0 = Debug|Any CPU
		{48F25E33-6B6A-4E37-ABD8-E0182394483F}.Release|Any CPU.ActiveCfg = Release|Any CPU
		{48F25E33-6B6A-4E37-ABD8-E0182394483F}.Release|Any CPU.Build.0 = Release|Any CPU
		{18FC75AD-3F1A-4947-B8F4-17CB000EE9C3}.Debug|Any CPU.ActiveCfg = Debug|Any CPU
		{18FC75AD-3F1A-4947-B8F4-17CB000EE9C3}.Debug|Any CPU.Build.0 = Debug|Any CPU
		{18FC75AD-3F1A-4947-B8F4-17CB000EE9C3}.Release|Any CPU.ActiveCfg = Release|Any CPU
		{18FC75AD-3F1A-4947-B8F4-17CB000EE9C3}.Release|Any CPU.Build.0 = Release|Any CPU
		{74D3323D-7C9D-4033-94B3-A92323BEEE3C}.Debug|Any CPU.ActiveCfg = Debug|Any CPU
		{74D3323D-7C9D-4033-94B3-A92323BEEE3C}.Debug|Any CPU.Build.0 = Debug|Any CPU
		{74D3323D-7C9D-4033-94B3-A92323BEEE3C}.Release|Any CPU.ActiveCfg = Release|Any CPU
		{74D3323D-7C9D-4033-94B3-A92323BEEE3C}.Release|Any CPU.Build.0 = Release|Any CPU
		{5D33FB1B-0294-4637-8B1E-6EFE88209246}.Debug|Any CPU.ActiveCfg = Debug|Any CPU
		{5D33FB1B-0294-4637-8B1E-6EFE88209246}.Debug|Any CPU.Build.0 = Debug|Any CPU
		{5D33FB1B-0294-4637-8B1E-6EFE88209246}.Release|Any CPU.ActiveCfg = Release|Any CPU
		{5D33FB1B-0294-4637-8B1E-6EFE88209246}.Release|Any CPU.Build.0 = Release|Any CPU
	EndGlobalSection
	GlobalSection(SolutionProperties) = preSolution
		HideSolutionNode = FALSE
	EndGlobalSection
	GlobalSection(ExtensibilityGlobals) = postSolution
		SolutionGuid = {3FC1BA32-2017-4FAD-854F-579C2F541981}
	EndGlobalSection
EndGlobal
